# This file is automatically @generated by Cargo.
# It is not intended for manual editing.
version = 4

[[package]]
name = "anyhow"
version = "1.0.96"
source = "registry+https://github.com/rust-lang/crates.io-index"
checksum = "6b964d184e89d9b6b67dd2715bc8e74cf3107fb2b529990c90cf517326150bf4"

[[package]]
name = "arraydeque"
version = "0.5.1"
source = "registry+https://github.com/rust-lang/crates.io-index"
checksum = "7d902e3d592a523def97af8f317b08ce16b7ab854c1985a0c671e6f15cebc236"

[[package]]
name = "cfg-if"
version = "1.0.0"
source = "registry+https://github.com/rust-lang/crates.io-index"
checksum = "baf1de4339761588bc0619e3cbc0120ee582ebb74b53b4efbf79117bd2da40fd"

[[package]]
name = "encoding_rs"
version = "0.8.35"
source = "registry+https://github.com/rust-lang/crates.io-index"
checksum = "75030f3c4f45dafd7586dd6780965a8c7e8e285a5ecb86713e63a79c5b2766f3"
dependencies = [
 "cfg-if",
]

[[package]]
name = "foldhash"
version = "0.1.4"
source = "registry+https://github.com/rust-lang/crates.io-index"
checksum = "a0d2fde1f7b3d48b8395d5f2de76c18a528bd6a9cdde438df747bfcba3e05d6f"

[[package]]
name = "hashbrown"
version = "0.15.2"
source = "registry+https://github.com/rust-lang/crates.io-index"
checksum = "bf151400ff0baff5465007dd2f3e717f3fe502074ca563069ce3a6629d07b289"
dependencies = [
 "foldhash",
]

[[package]]
name = "hashlink"
version = "0.10.0"
source = "registry+https://github.com/rust-lang/crates.io-index"
checksum = "7382cf6263419f2d8df38c55d7da83da5c18aef87fc7a7fc1fb1e344edfe14c1"
dependencies = [
 "hashbrown",
]

[[package]]
name = "yaml-hash"
version = "0.4.4"
dependencies = [
 "anyhow",
 "yaml-rust2",
]

[[package]]
name = "yaml-rust2"
version = "0.10.0"
source = "registry+https://github.com/rust-lang/crates.io-index"
checksum = "232bdb534d65520716bef0bbb205ff8f2db72d807b19c0bc3020853b92a0cd4b"
dependencies = [
 "arraydeque",
 "encoding_rs",
 "hashlink",
]
